
Microsoft Visual Studio Solution File, Format Version 12.00
# Visual Studio 15
VisualStudioVersion = 15.0.28307.106
MinimumVisualStudioVersion = 10.0.40219.1
Project("{FAE04EC0-301F-11D3-BF4B-00C04F79EFBC}") = "bituah", "bituah\bituah.csproj", "{D79FFD75-6768-47CC-8003-DB03907D9BE2}"
EndProject
Project("{FAE04EC0-301F-11D3-BF4B-00C04F79EFBC}") = "DeathByCaptcha", "DeathByCaptcha\DeathByCaptcha.csproj", "{2A3A4DD2-6700-4319-85FE-7FDE7EACF925}"
EndProject
Global
	GlobalSection(SolutionConfigurationPlatforms) = preSolution
		Debug|Any CPU = Debug|Any CPU
		Release|Any CPU = Release|Any CPU
	EndGlobalSection
	GlobalSection(ProjectConfigurationPlatforms) = postSolution
		{D79FFD75-6768-47CC-8003-DB03907D9BE2}.Debug|Any CPU.ActiveCfg = Debug|Any CPU
		{D79FFD75-6768-47CC-8003-DB03907D9BE2}.Debug|Any CPU.Build.0 = Debug|Any CPU
		{D79FFD75-6768-47CC-8003-DB03907D9BE2}.Release|Any CPU.ActiveCfg = Release|Any CPU
		{D79FFD75-6768-47CC-8003-DB03907D9BE2}.Release|Any CPU.Build.0 = Release|Any CPU
		{2A3A4DD2-6700-4319-85FE-7FDE7EACF925}.Debug|Any CPU.ActiveCfg = Debug|Any CPU
		{2A3A4DD2-6700-4319-85FE-7FDE7EACF925}.Debug|Any CPU.Build.0 = Debug|Any CPU
		{2A3A4DD2-6700-4319-85FE-7FDE7EACF925}.Release|Any CPU.ActiveCfg = Release|Any CPU
		{2A3A4DD2-6700-4319-85FE-7FDE7EACF925}.Release|Any CPU.Build.0 = Release|Any CPU
	EndGlobalSection
	GlobalSection(SolutionProperties) = preSolution
		HideSolutionNode = FALSE
	EndGlobalSection
	GlobalSection(ExtensibilityGlobals) = postSolution
		SolutionGuid = {57B1DC0A-98AA-47CF-BC99-B5D881ABC5B3}
	EndGlobalSection
EndGlobal
